
Microsoft Visual Studio Solution File, Format Version 12.00
# Visual Studio 2012
Project("{FAE04EC0-301F-11D3-BF4B-00C04F79EFBC}") = "AIPlanning", "AIPlanning\AIPlanning.csproj", "{12F7FE78-3A88-41C4-9557-A124A0ADA4FD}"
EndProject
Project("{FAE04EC0-301F-11D3-BF4B-00C04F79EFBC}") = "AIPlanning.Core", "AIPlanning.Core\AIPlanning.Core.csproj", "{8CB14F18-2D41-4D10-BBD9-E3C514476236}"
EndProject
Project("{2150E333-8FDC-42A3-9474-1A3956D46DE8}") = "AIPlanning.Tests.AStarSearch", "AIPlanning.Tests.AStarSearch", "{013B3D9E-C807-4F6F-8477-CD3438533287}"
EndProject
Project("{FAE04EC0-301F-11D3-BF4B-00C04F79EFBC}") = "AIPlanning.Tests.AStarSearch", "AIPlanning.Tests.AStarSearch\AIPlanning.Tests.AStarSearch.csproj", "{C09A96BF-B5E0-4B7E-BF18-1D39B03F999F}"
EndProject
Project("{FAE04EC0-301F-11D3-BF4B-00C04F79EFBC}") = "AIPlanning.Search", "AIPlanning.Search\AIPlanning.Search.csproj", "{E7872AF6-E67D-4F05-891B-901A66268240}"
EndProject
Project("{FAE04EC0-301F-11D3-BF4B-00C04F79EFBC}") = "AIPlanning.Search.Problems", "AIPlanning.Search.Problems\AIPlanning.Search.Problems.csproj", "{2A643556-2163-4061-8506-88DA03AD80ED}"
EndProject
Project("{FAE04EC0-301F-11D3-BF4B-00C04F79EFBC}") = "AIPlanning.Test.Search.Problems", "AIPlanning.Test.Search.Problems\AIPlanning.Test.Search.Problems.csproj", "{C27ED808-B5BF-436F-8546-EBCE55C03876}"
EndProject
Project("{FAE04EC0-301F-11D3-BF4B-00C04F79EFBC}") = "AIPlanning.PddlParsing", "AIPlanning.PddlParsing\AIPlanning.PddlParsing.csproj", "{7ED40BF0-0C1C-4767-92ED-01D9DB0381A5}"
EndProject
Project("{FAE04EC0-301F-11D3-BF4B-00C04F79EFBC}") = "AIPlanning.Pddl", "AIPlanning.Pddl\AIPlanning.Pddl.csproj", "{875C9B8D-4951-4A40-9C00-CA2F700BC0CF}"
EndProject
Project("{FAE04EC0-301F-11D3-BF4B-00C04F79EFBC}") = "AIPlanning.Graphplan", "AIPlanning.Graphplan\AIPlanning.Graphplan.csproj", "{4D605D47-08B3-420B-97E9-690B425F892C}"
EndProject
Project("{FAE04EC0-301F-11D3-BF4B-00C04F79EFBC}") = "AIPlanning.Utils", "AIPlanning.Utils\AIPlanning.Utils.csproj", "{2481A9A2-39FD-4E68-A68D-8689362BF0E2}"
EndProject
Global
	GlobalSection(SolutionConfigurationPlatforms) = preSolution
		Debug|Any CPU = Debug|Any CPU
		Release|Any CPU = Release|Any CPU
	EndGlobalSection
	GlobalSection(ProjectConfigurationPlatforms) = postSolution
		{12F7FE78-3A88-41C4-9557-A124A0ADA4FD}.Debug|Any CPU.ActiveCfg = Debug|Any CPU
		{12F7FE78-3A88-41C4-9557-A124A0ADA4FD}.Debug|Any CPU.Build.0 = Debug|Any CPU
		{12F7FE78-3A88-41C4-9557-A124A0ADA4FD}.Release|Any CPU.ActiveCfg = Release|Any CPU
		{12F7FE78-3A88-41C4-9557-A124A0ADA4FD}.Release|Any CPU.Build.0 = Release|Any CPU
		{8CB14F18-2D41-4D10-BBD9-E3C514476236}.Debug|Any CPU.ActiveCfg = Debug|Any CPU
		{8CB14F18-2D41-4D10-BBD9-E3C514476236}.Debug|Any CPU.Build.0 = Debug|Any CPU
		{8CB14F18-2D41-4D10-BBD9-E3C514476236}.Release|Any CPU.ActiveCfg = Release|Any CPU
		{8CB14F18-2D41-4D10-BBD9-E3C514476236}.Release|Any CPU.Build.0 = Release|Any CPU
		{C09A96BF-B5E0-4B7E-BF18-1D39B03F999F}.Debug|Any CPU.ActiveCfg = Debug|Any CPU
		{C09A96BF-B5E0-4B7E-BF18-1D39B03F999F}.Debug|Any CPU.Build.0 = Debug|Any CPU
		{C09A96BF-B5E0-4B7E-BF18-1D39B03F999F}.Release|Any CPU.ActiveCfg = Release|Any CPU
		{C09A96BF-B5E0-4B7E-BF18-1D39B03F999F}.Release|Any CPU.Build.0 = Release|Any CPU
		{E7872AF6-E67D-4F05-891B-901A66268240}.Debug|Any CPU.ActiveCfg = Debug|Any CPU
		{E7872AF6-E67D-4F05-891B-901A66268240}.Debug|Any CPU.Build.0 = Debug|Any CPU
		{E7872AF6-E67D-4F05-891B-901A66268240}.Release|Any CPU.ActiveCfg = Release|Any CPU
		{E7872AF6-E67D-4F05-891B-901A66268240}.Release|Any CPU.Build.0 = Release|Any CPU
		{2A643556-2163-4061-8506-88DA03AD80ED}.Debug|Any CPU.ActiveCfg = Debug|Any CPU
		{2A643556-2163-4061-8506-88DA03AD80ED}.Debug|Any CPU.Build.0 = Debug|Any CPU
		{2A643556-2163-4061-8506-88DA03AD80ED}.Release|Any CPU.ActiveCfg = Release|Any CPU
		{2A643556-2163-4061-8506-88DA03AD80ED}.Release|Any CPU.Build.0 = Release|Any CPU
		{C27ED808-B5BF-436F-8546-EBCE55C03876}.Debug|Any CPU.ActiveCfg = Debug|Any CPU
		{C27ED808-B5BF-436F-8546-EBCE55C03876}.Debug|Any CPU.Build.0 = Debug|Any CPU
		{C27ED808-B5BF-436F-8546-EBCE55C03876}.Release|Any CPU.ActiveCfg = Release|Any CPU
		{C27ED808-B5BF-436F-8546-EBCE55C03876}.Release|Any CPU.Build.0 = Release|Any CPU
		{7ED40BF0-0C1C-4767-92ED-01D9DB0381A5}.Debug|Any CPU.ActiveCfg = Debug|Any CPU
		{7ED40BF0-0C1C-4767-92ED-01D9DB0381A5}.Debug|Any CPU.Build.0 = Debug|Any CPU
		{7ED40BF0-0C1C-4767-92ED-01D9DB0381A5}.Release|Any CPU.ActiveCfg = Release|Any CPU
		{7ED40BF0-0C1C-4767-92ED-01D9DB0381A5}.Release|Any CPU.Build.0 = Release|Any CPU
		{875C9B8D-4951-4A40-9C00-CA2F700BC0CF}.Debug|Any CPU.ActiveCfg = Debug|Any CPU
		{875C9B8D-4951-4A40-9C00-CA2F700BC0CF}.Debug|Any CPU.Build.0 = Debug|Any CPU
		{875C9B8D-4951-4A40-9C00-CA2F700BC0CF}.Release|Any CPU.ActiveCfg = Release|Any CPU
		{875C9B8D-4951-4A40-9C00-CA2F700BC0CF}.Release|Any CPU.Build.0 = Release|Any CPU
		{4D605D47-08B3-420B-97E9-690B425F892C}.Debug|Any CPU.ActiveCfg = Debug|Any CPU
		{4D605D47-08B3-420B-97E9-690B425F892C}.Debug|Any CPU.Build.0 = Debug|Any CPU
		{4D605D47-08B3-420B-97E9-690B425F892C}.Release|Any CPU.ActiveCfg = Release|Any CPU
		{4D605D47-08B3-420B-97E9-690B425F892C}.Release|Any CPU.Build.0 = Release|Any CPU
		{2481A9A2-39FD-4E68-A68D-8689362BF0E2}.Debug|Any CPU.ActiveCfg = Debug|Any CPU
		{2481A9A2-39FD-4E68-A68D-8689362BF0E2}.Debug|Any CPU.Build.0 = Debug|Any CPU
		{2481A9A2-39FD-4E68-A68D-8689362BF0E2}.Release|Any CPU.ActiveCfg = Release|Any CPU
		{2481A9A2-39FD-4E68-A68D-8689362BF0E2}.Release|Any CPU.Build.0 = Release|Any CPU
	EndGlobalSection
	GlobalSection(SolutionProperties) = preSolution
		HideSolutionNode = FALSE
	EndGlobalSection
	GlobalSection(NestedProjects) = preSolution
		{C09A96BF-B5E0-4B7E-BF18-1D39B03F999F} = {013B3D9E-C807-4F6F-8477-CD3438533287}
		{C27ED808-B5BF-436F-8546-EBCE55C03876} = {013B3D9E-C807-4F6F-8477-CD3438533287}
	EndGlobalSection
EndGlobal
